// !$*UTF8*$!
{
	archiveVersion = 1;
	classes = {
	};
	objectVersion = 50;
	objects = {

/* Begin PBXBuildFile section */
		8A7BD0B724CF6712002E2907 /* AppDelegate.swift in Sources */ = {isa = PBXBuildFile; fileRef = 8A7BD0B624CF6712002E2907 /* AppDelegate.swift */; };
		8A7BD0B924CF6712002E2907 /* SceneDelegate.swift in Sources */ = {isa = PBXBuildFile; fileRef = 8A7BD0B824CF6712002E2907 /* SceneDelegate.swift */; };
		8A7BD0BE24CF6712002E2907 /* Main.storyboard in Resources */ = {isa = PBXBuildFile; fileRef = 8A7BD0BC24CF6712002E2907 /* Main.storyboard */; };
		8A7BD0C124CF6712002E2907 /* HabitWellness.xcdatamodeld in Sources */ = {isa = PBXBuildFile; fileRef = 8A7BD0BF24CF6712002E2907 /* HabitWellness.xcdatamodeld */; };
		8A7BD0C324CF6718002E2907 /* Assets.xcassets in Resources */ = {isa = PBXBuildFile; fileRef = 8A7BD0C224CF6718002E2907 /* Assets.xcassets */; };
		8A7BD0C624CF6718002E2907 /* LaunchScreen.storyboard in Resources */ = {isa = PBXBuildFile; fileRef = 8A7BD0C424CF6718002E2907 /* LaunchScreen.storyboard */; };
		8A7BD0D124CF6719002E2907 /* HabitWellnessTests.swift in Sources */ = {isa = PBXBuildFile; fileRef = 8A7BD0D024CF6719002E2907 /* HabitWellnessTests.swift */; };
		8A7BD0DC24CF6719002E2907 /* HabitWellnessUITests.swift in Sources */ = {isa = PBXBuildFile; fileRef = 8A7BD0DB24CF6719002E2907 /* HabitWellnessUITests.swift */; };
		8A7BD0F124CF90F2002E2907 /* HomeViewController.swift in Sources */ = {isa = PBXBuildFile; fileRef = 8A7BD0F024CF90F2002E2907 /* HomeViewController.swift */; };
		8A7BD0F324D0686E002E2907 /* HomeViewTableViewData.swift in Sources */ = {isa = PBXBuildFile; fileRef = 8A7BD0F224D0686E002E2907 /* HomeViewTableViewData.swift */; };
		8A7BD0F524D07A82002E2907 /* HabitCell.swift in Sources */ = {isa = PBXBuildFile; fileRef = 8A7BD0F424D07A82002E2907 /* HabitCell.swift */; };
		8A7BD0F724D10C69002E2907 /* HabitSectionHeader.swift in Sources */ = {isa = PBXBuildFile; fileRef = 8A7BD0F624D10C69002E2907 /* HabitSectionHeader.swift */; };
/* End PBXBuildFile section */

/* Begin PBXContainerItemProxy section */
		8A7BD0CD24CF6719002E2907 /* PBXContainerItemProxy */ = {
			isa = PBXContainerItemProxy;
			containerPortal = 8A7BD0AB24CF6712002E2907 /* Project object */;
			proxyType = 1;
			remoteGlobalIDString = 8A7BD0B224CF6712002E2907;
			remoteInfo = HabitWellness;
		};
		8A7BD0D824CF6719002E2907 /* PBXContainerItemProxy */ = {
			isa = PBXContainerItemProxy;
			containerPortal = 8A7BD0AB24CF6712002E2907 /* Project object */;
			proxyType = 1;
			remoteGlobalIDString = 8A7BD0B224CF6712002E2907;
			remoteInfo = HabitWellness;
		};
/* End PBXContainerItemProxy section */

/* Begin PBXFileReference section */
		8A7BD0B324CF6712002E2907 /* HabitWellness.app */ = {isa = PBXFileReference; explicitFileType = wrapper.application; includeInIndex = 0; path = HabitWellness.app; sourceTree = BUILT_PRODUCTS_DIR; };
		8A7BD0B624CF6712002E2907 /* AppDelegate.swift */ = {isa = PBXFileReference; lastKnownFileType = sourcecode.swift; path = AppDelegate.swift; sourceTree = "<group>"; };
		8A7BD0B824CF6712002E2907 /* SceneDelegate.swift */ = {isa = PBXFileReference; lastKnownFileType = sourcecode.swift; path = SceneDelegate.swift; sourceTree = "<group>"; };
		8A7BD0BD24CF6712002E2907 /* Base */ = {isa = PBXFileReference; lastKnownFileType = file.storyboard; name = Base; path = Base.lproj/Main.storyboard; sourceTree = "<group>"; };
		8A7BD0C024CF6712002E2907 /* HabitWellness.xcdatamodel */ = {isa = PBXFileReference; lastKnownFileType = wrapper.xcdatamodel; path = HabitWellness.xcdatamodel; sourceTree = "<group>"; };
		8A7BD0C224CF6718002E2907 /* Assets.xcassets */ = {isa = PBXFileReference; lastKnownFileType = folder.assetcatalog; path = Assets.xcassets; sourceTree = "<group>"; };
		8A7BD0C524CF6718002E2907 /* Base */ = {isa = PBXFileReference; lastKnownFileType = file.storyboard; name = Base; path = Base.lproj/LaunchScreen.storyboard; sourceTree = "<group>"; };
		8A7BD0C724CF6718002E2907 /* Info.plist */ = {isa = PBXFileReference; lastKnownFileType = text.plist.xml; path = Info.plist; sourceTree = "<group>"; };
		8A7BD0CC24CF6719002E2907 /* HabitWellnessTests.xctest */ = {isa = PBXFileReference; explicitFileType = wrapper.cfbundle; includeInIndex = 0; path = HabitWellnessTests.xctest; sourceTree = BUILT_PRODUCTS_DIR; };
		8A7BD0D024CF6719002E2907 /* HabitWellnessTests.swift */ = {isa = PBXFileReference; lastKnownFileType = sourcecode.swift; path = HabitWellnessTests.swift; sourceTree = "<group>"; };
		8A7BD0D224CF6719002E2907 /* Info.plist */ = {isa = PBXFileReference; lastKnownFileType = text.plist.xml; path = Info.plist; sourceTree = "<group>"; };
		8A7BD0D724CF6719002E2907 /* HabitWellnessUITests.xctest */ = {isa = PBXFileReference; explicitFileType = wrapper.cfbundle; includeInIndex = 0; path = HabitWellnessUITests.xctest; sourceTree = BUILT_PRODUCTS_DIR; };
		8A7BD0DB24CF6719002E2907 /* HabitWellnessUITests.swift */ = {isa = PBXFileReference; lastKnownFileType = sourcecode.swift; path = HabitWellnessUITests.swift; sourceTree = "<group>"; };
		8A7BD0DD24CF6719002E2907 /* Info.plist */ = {isa = PBXFileReference; lastKnownFileType = text.plist.xml; path = Info.plist; sourceTree = "<group>"; };
		8A7BD0F024CF90F2002E2907 /* HomeViewController.swift */ = {isa = PBXFileReference; lastKnownFileType = sourcecode.swift; path = HomeViewController.swift; sourceTree = "<group>"; };
		8A7BD0F224D0686E002E2907 /* HomeViewTableViewData.swift */ = {isa = PBXFileReference; lastKnownFileType = sourcecode.swift; path = HomeViewTableViewData.swift; sourceTree = "<group>"; };
		8A7BD0F424D07A82002E2907 /* HabitCell.swift */ = {isa = PBXFileReference; lastKnownFileType = sourcecode.swift; path = HabitCell.swift; sourceTree = "<group>"; };
		8A7BD0F624D10C69002E2907 /* HabitSectionHeader.swift */ = {isa = PBXFileReference; lastKnownFileType = sourcecode.swift; path = HabitSectionHeader.swift; sourceTree = "<group>"; };
/* End PBXFileReference section */

/* Begin PBXFrameworksBuildPhase section */
		8A7BD0B024CF6712002E2907 /* Frameworks */ = {
			isa = PBXFrameworksBuildPhase;
			buildActionMask = 2147483647;
			files = (
			);
			runOnlyForDeploymentPostprocessing = 0;
		};
		8A7BD0C924CF6719002E2907 /* Frameworks */ = {
			isa = PBXFrameworksBuildPhase;
			buildActionMask = 2147483647;
			files = (
			);
			runOnlyForDeploymentPostprocessing = 0;
		};
		8A7BD0D424CF6719002E2907 /* Frameworks */ = {
			isa = PBXFrameworksBuildPhase;
			buildActionMask = 2147483647;
			files = (
			);
			runOnlyForDeploymentPostprocessing = 0;
		};
/* End PBXFrameworksBuildPhase section */

/* Begin PBXGroup section */
		8A7BD0AA24CF6712002E2907 = {
			isa = PBXGroup;
			children = (
				8A7BD0B524CF6712002E2907 /* HabitWellness */,
				8A7BD0CF24CF6719002E2907 /* HabitWellnessTests */,
				8A7BD0DA24CF6719002E2907 /* HabitWellnessUITests */,
				8A7BD0B424CF6712002E2907 /* Products */,
			);
			sourceTree = "<group>";
		};
		8A7BD0B424CF6712002E2907 /* Products */ = {
			isa = PBXGroup;
			children = (
				8A7BD0B324CF6712002E2907 /* HabitWellness.app */,
				8A7BD0CC24CF6719002E2907 /* HabitWellnessTests.xctest */,
				8A7BD0D724CF6719002E2907 /* HabitWellnessUITests.xctest */,
			);
			name = Products;
			sourceTree = "<group>";
		};
		8A7BD0B524CF6712002E2907 /* HabitWellness */ = {
			isa = PBXGroup;
			children = (
				8A7BD0ED24CF6A0D002E2907 /* Views */,
				8A7BD0EC24CF6A06002E2907 /* ViewControllers */,
				8A7BD0EA24CF69F4002E2907 /* Models */,
				8A7BD0F824D114F3002E2907 /* Supporting Documents */,
				8A7BD0C724CF6718002E2907 /* Info.plist */,
				8A7BD0BF24CF6712002E2907 /* HabitWellness.xcdatamodeld */,
			);
			path = HabitWellness;
			sourceTree = "<group>";
		};
		8A7BD0CF24CF6719002E2907 /* HabitWellnessTests */ = {
			isa = PBXGroup;
			children = (
				8A7BD0D024CF6719002E2907 /* HabitWellnessTests.swift */,
				8A7BD0D224CF6719002E2907 /* Info.plist */,
			);
			path = HabitWellnessTests;
			sourceTree = "<group>";
		};
		8A7BD0DA24CF6719002E2907 /* HabitWellnessUITests */ = {
			isa = PBXGroup;
			children = (
				8A7BD0DB24CF6719002E2907 /* HabitWellnessUITests.swift */,
				8A7BD0DD24CF6719002E2907 /* Info.plist */,
			);
			path = HabitWellnessUITests;
			sourceTree = "<group>";
		};
		8A7BD0EA24CF69F4002E2907 /* Models */ = {
			isa = PBXGroup;
			children = (
				8A7BD0F224D0686E002E2907 /* HomeViewTableViewData.swift */,
			);
			path = Models;
			sourceTree = "<group>";
		};
		8A7BD0EC24CF6A06002E2907 /* ViewControllers */ = {
			isa = PBXGroup;
			children = (
				8A7BD0F024CF90F2002E2907 /* HomeViewController.swift */,
			);
			path = ViewControllers;
			sourceTree = "<group>";
		};
		8A7BD0ED24CF6A0D002E2907 /* Views */ = {
			isa = PBXGroup;
			children = (
				8A7BD0BC24CF6712002E2907 /* Main.storyboard */,
				8A7BD0F424D07A82002E2907 /* HabitCell.swift */,
				8A7BD0F624D10C69002E2907 /* HabitSectionHeader.swift */,
			);
			path = Views;
			sourceTree = "<group>";
		};
		8A7BD0F824D114F3002E2907 /* Supporting Documents */ = {
			isa = PBXGroup;
			children = (
				8A7BD0B624CF6712002E2907 /* AppDelegate.swift */,
				8A7BD0B824CF6712002E2907 /* SceneDelegate.swift */,
				8A7BD0C224CF6718002E2907 /* Assets.xcassets */,
				8A7BD0C424CF6718002E2907 /* LaunchScreen.storyboard */,
			);
			path = "Supporting Documents";
			sourceTree = "<group>";
		};
/* End PBXGroup section */

/* Begin PBXNativeTarget section */
		8A7BD0B224CF6712002E2907 /* HabitWellness */ = {
			isa = PBXNativeTarget;
			buildConfigurationList = 8A7BD0E024CF6719002E2907 /* Build configuration list for PBXNativeTarget "HabitWellness" */;
			buildPhases = (
				8A7BD0AF24CF6712002E2907 /* Sources */,
				8A7BD0B024CF6712002E2907 /* Frameworks */,
				8A7BD0B124CF6712002E2907 /* Resources */,
			);
			buildRules = (
			);
			dependencies = (
			);
			name = HabitWellness;
			productName = HabitWellness;
			productReference = 8A7BD0B324CF6712002E2907 /* HabitWellness.app */;
			productType = "com.apple.product-type.application";
		};
		8A7BD0CB24CF6719002E2907 /* HabitWellnessTests */ = {
			isa = PBXNativeTarget;
			buildConfigurationList = 8A7BD0E324CF6719002E2907 /* Build configuration list for PBXNativeTarget "HabitWellnessTests" */;
			buildPhases = (
				8A7BD0C824CF6719002E2907 /* Sources */,
				8A7BD0C924CF6719002E2907 /* Frameworks */,
				8A7BD0CA24CF6719002E2907 /* Resources */,
			);
			buildRules = (
			);
			dependencies = (
				8A7BD0CE24CF6719002E2907 /* PBXTargetDependency */,
			);
			name = HabitWellnessTests;
			productName = HabitWellnessTests;
			productReference = 8A7BD0CC24CF6719002E2907 /* HabitWellnessTests.xctest */;
			productType = "com.apple.product-type.bundle.unit-test";
		};
		8A7BD0D624CF6719002E2907 /* HabitWellnessUITests */ = {
			isa = PBXNativeTarget;
			buildConfigurationList = 8A7BD0E624CF6719002E2907 /* Build configuration list for PBXNativeTarget "HabitWellnessUITests" */;
			buildPhases = (
				8A7BD0D324CF6719002E2907 /* Sources */,
				8A7BD0D424CF6719002E2907 /* Frameworks */,
				8A7BD0D524CF6719002E2907 /* Resources */,
			);
			buildRules = (
			);
			dependencies = (
				8A7BD0D924CF6719002E2907 /* PBXTargetDependency */,
			);
			name = HabitWellnessUITests;
			productName = HabitWellnessUITests;
			productReference = 8A7BD0D724CF6719002E2907 /* HabitWellnessUITests.xctest */;
			productType = "com.apple.product-type.bundle.ui-testing";
		};
/* End PBXNativeTarget section */

/* Begin PBXProject section */
		8A7BD0AB24CF6712002E2907 /* Project object */ = {
			isa = PBXProject;
			attributes = {
				LastSwiftUpdateCheck = 1160;
				LastUpgradeCheck = 1160;
				ORGANIZATIONNAME = "Bernardo Martinez";
				TargetAttributes = {
					8A7BD0B224CF6712002E2907 = {
						CreatedOnToolsVersion = 11.6;
					};
					8A7BD0CB24CF6719002E2907 = {
						CreatedOnToolsVersion = 11.6;
						TestTargetID = 8A7BD0B224CF6712002E2907;
					};
					8A7BD0D624CF6719002E2907 = {
						CreatedOnToolsVersion = 11.6;
						TestTargetID = 8A7BD0B224CF6712002E2907;
					};
				};
			};
			buildConfigurationList = 8A7BD0AE24CF6712002E2907 /* Build configuration list for PBXProject "HabitWellness" */;
			compatibilityVersion = "Xcode 9.3";
			developmentRegion = en;
			hasScannedForEncodings = 0;
			knownRegions = (
				en,
				Base,
			);
			mainGroup = 8A7BD0AA24CF6712002E2907;
			productRefGroup = 8A7BD0B424CF6712002E2907 /* Products */;
			projectDirPath = "";
			projectRoot = "";
			targets = (
				8A7BD0B224CF6712002E2907 /* HabitWellness */,
				8A7BD0CB24CF6719002E2907 /* HabitWellnessTests */,
				8A7BD0D624CF6719002E2907 /* HabitWellnessUITests */,
			);
		};
/* End PBXProject section */

/* Begin PBXResourcesBuildPhase section */
		8A7BD0B124CF6712002E2907 /* Resources */ = {
			isa = PBXResourcesBuildPhase;
			buildActionMask = 2147483647;
			files = (
				8A7BD0C624CF6718002E2907 /* LaunchScreen.storyboard in Resources */,
				8A7BD0C324CF6718002E2907 /* Assets.xcassets in Resources */,
				8A7BD0BE24CF6712002E2907 /* Main.storyboard in Resources */,
			);
			runOnlyForDeploymentPostprocessing = 0;
		};
		8A7BD0CA24CF6719002E2907 /* Resources */ = {
			isa = PBXResourcesBuildPhase;
			buildActionMask = 2147483647;
			files = (
			);
			runOnlyForDeploymentPostprocessing = 0;
		};
		8A7BD0D524CF6719002E2907 /* Resources */ = {
			isa = PBXResourcesBuildPhase;
			buildActionMask = 2147483647;
			files = (
			);
			runOnlyForDeploymentPostprocessing = 0;
		};
/* End PBXResourcesBuildPhase section */

/* Begin PBXSourcesBuildPhase section */
		8A7BD0AF24CF6712002E2907 /* Sources */ = {
			isa = PBXSourcesBuildPhase;
			buildActionMask = 2147483647;
			files = (
				8A7BD0F124CF90F2002E2907 /* HomeViewController.swift in Sources */,
				8A7BD0B724CF6712002E2907 /* AppDelegate.swift in Sources */,
				8A7BD0F524D07A82002E2907 /* HabitCell.swift in Sources */,
				8A7BD0F724D10C69002E2907 /* HabitSectionHeader.swift in Sources */,
				8A7BD0B924CF6712002E2907 /* SceneDelegate.swift in Sources */,
				8A7BD0C124CF6712002E2907 /* HabitWellness.xcdatamodeld in Sources */,
				8A7BD0F324D0686E002E2907 /* HomeViewTableViewData.swift in Sources */,
			);
			runOnlyForDeploymentPostprocessing = 0;
		};
		8A7BD0C824CF6719002E2907 /* Sources */ = {
			isa = PBXSourcesBuildPhase;
			buildActionMask = 2147483647;
			files = (
				8A7BD0D124CF6719002E2907 /* HabitWellnessTests.swift in Sources */,
			);
			runOnlyForDeploymentPostprocessing = 0;
		};
		8A7BD0D324CF6719002E2907 /* Sources */ = {
			isa = PBXSourcesBuildPhase;
			buildActionMask = 2147483647;
			files = (
				8A7BD0DC24CF6719002E2907 /* HabitWellnessUITests.swift in Sources */,
			);
			runOnlyForDeploymentPostprocessing = 0;
		};
/* End PBXSourcesBuildPhase section */

/* Begin PBXTargetDependency section */
		8A7BD0CE24CF6719002E2907 /* PBXTargetDependency */ = {
			isa = PBXTargetDependency;
			target = 8A7BD0B224CF6712002E2907 /* HabitWellness */;
			targetProxy = 8A7BD0CD24CF6719002E2907 /* PBXContainerItemProxy */;
		};
		8A7BD0D924CF6719002E2907 /* PBXTargetDependency */ = {
			isa = PBXTargetDependency;
			target = 8A7BD0B224CF6712002E2907 /* HabitWellness */;
			targetProxy = 8A7BD0D824CF6719002E2907 /* PBXContainerItemProxy */;
		};
/* End PBXTargetDependency section */

/* Begin PBXVariantGroup section */
		8A7BD0BC24CF6712002E2907 /* Main.storyboard */ = {
			isa = PBXVariantGroup;
			children = (
				8A7BD0BD24CF6712002E2907 /* Base */,
			);
			name = Main.storyboard;
			sourceTree = "<group>";
		};
		8A7BD0C424CF6718002E2907 /* LaunchScreen.storyboard */ = {
			isa = PBXVariantGroup;
			children = (
				8A7BD0C524CF6718002E2907 /* Base */,
			);
			name = LaunchScreen.storyboard;
			sourceTree = "<group>";
		};
/* End PBXVariantGroup section */

/* Begin XCBuildConfiguration section */
		8A7BD0DE24CF6719002E2907 /* Debug */ = {
			isa = XCBuildConfiguration;
			buildSettings = {
				ALWAYS_SEARCH_USER_PATHS = NO;
				CLANG_ANALYZER_NONNULL = YES;
				CLANG_ANALYZER_NUMBER_OBJECT_CONVERSION = YES_AGGRESSIVE;
				CLANG_CXX_LANGUAGE_STANDARD = "gnu++14";
				CLANG_CXX_LIBRARY = "libc++";
				CLANG_ENABLE_MODULES = YES;
				CLANG_ENABLE_OBJC_ARC = YES;
				CLANG_ENABLE_OBJC_WEAK = YES;
				CLANG_WARN_BLOCK_CAPTURE_AUTORELEASING = YES;
				CLANG_WARN_BOOL_CONVERSION = YES;
				CLANG_WARN_COMMA = YES;
				CLANG_WARN_CONSTANT_CONVERSION = YES;
				CLANG_WARN_DEPRECATED_OBJC_IMPLEMENTATIONS = YES;
				CLANG_WARN_DIRECT_OBJC_ISA_USAGE = YES_ERROR;
				CLANG_WARN_DOCUMENTATION_COMMENTS = YES;
				CLANG_WARN_EMPTY_BODY = YES;
				CLANG_WARN_ENUM_CONVERSION = YES;
				CLANG_WARN_INFINITE_RECURSION = YES;
				CLANG_WARN_INT_CONVERSION = YES;
				CLANG_WARN_NON_LITERAL_NULL_CONVERSION = YES;
				CLANG_WARN_OBJC_IMPLICIT_RETAIN_SELF = YES;
				CLANG_WARN_OBJC_LITERAL_CONVERSION = YES;
				CLANG_WARN_OBJC_ROOT_CLASS = YES_ERROR;
				CLANG_WARN_RANGE_LOOP_ANALYSIS = YES;
				CLANG_WARN_STRICT_PROTOTYPES = YES;
				CLANG_WARN_SUSPICIOUS_MOVE = YES;
				CLANG_WARN_UNGUARDED_AVAILABILITY = YES_AGGRESSIVE;
				CLANG_WARN_UNREACHABLE_CODE = YES;
				CLANG_WARN__DUPLICATE_METHOD_MATCH = YES;
				COPY_PHASE_STRIP = NO;
				DEBUG_INFORMATION_FORMAT = dwarf;
				ENABLE_STRICT_OBJC_MSGSEND = YES;
				ENABLE_TESTABILITY = YES;
				GCC_C_LANGUAGE_STANDARD = gnu11;
				GCC_DYNAMIC_NO_PIC = NO;
				GCC_NO_COMMON_BLOCKS = YES;
				GCC_OPTIMIZATION_LEVEL = 0;
				GCC_PREPROCESSOR_DEFINITIONS = (
					"DEBUG=1",
					"$(inherited)",
				);
				GCC_WARN_64_TO_32_BIT_CONVERSION = YES;
				GCC_WARN_ABOUT_RETURN_TYPE = YES_ERROR;
				GCC_WARN_UNDECLARED_SELECTOR = YES;
				GCC_WARN_UNINITIALIZED_AUTOS = YES_AGGRESSIVE;
				GCC_WARN_UNUSED_FUNCTION = YES;
				GCC_WARN_UNUSED_VARIABLE = YES;
				IPHONEOS_DEPLOYMENT_TARGET = 13.6;
				MTL_ENABLE_DEBUG_INFO = INCLUDE_SOURCE;
				MTL_FAST_MATH = YES;
				ONLY_ACTIVE_ARCH = YES;
				SDKROOT = iphoneos;
				SWIFT_ACTIVE_COMPILATION_CONDITIONS = DEBUG;
				SWIFT_OPTIMIZATION_LEVEL = "-Onone";
			};
			name = Debug;
		};
		8A7BD0DF24CF6719002E2907 /* Release */ = {
			isa = XCBuildConfiguration;
			buildSettings = {
				ALWAYS_SEARCH_USER_PATHS = NO;
				CLANG_ANALYZER_NONNULL = YES;
				CLANG_ANALYZER_NUMBER_OBJECT_CONVERSION = YES_AGGRESSIVE;
				CLANG_CXX_LANGUAGE_STANDARD = "gnu++14";
				CLANG_CXX_LIBRARY = "libc++";
				CLANG_ENABLE_MODULES = YES;
				CLANG_ENABLE_OBJC_ARC = YES;
				CLANG_ENABLE_OBJC_WEAK = YES;
				CLANG_WARN_BLOCK_CAPTURE_AUTORELEASING = YES;
				CLANG_WARN_BOOL_CONVERSION = YES;
				CLANG_WARN_COMMA = YES;
				CLANG_WARN_CONSTANT_CONVERSION = YES;
				CLANG_WARN_DEPRECATED_OBJC_IMPLEMENTATIONS = YES;
				CLANG_WARN_DIRECT_OBJC_ISA_USAGE = YES_ERROR;
				CLANG_WARN_DOCUMENTATION_COMMENTS = YES;
				CLANG_WARN_EMPTY_BODY = YES;
				CLANG_WARN_ENUM_CONVERSION = YES;
				CLANG_WARN_INFINITE_RECURSION = YES;
				CLANG_WARN_INT_CONVERSION = YES;
				CLANG_WARN_NON_LITERAL_NULL_CONVERSION = YES;
				CLANG_WARN_OBJC_IMPLICIT_RETAIN_SELF = YES;
				CLANG_WARN_OBJC_LITERAL_CONVERSION = YES;
				CLANG_WARN_OBJC_ROOT_CLASS = YES_ERROR;
				CLANG_WARN_RANGE_LOOP_ANALYSIS = YES;
				CLANG_WARN_STRICT_PROTOTYPES = YES;
				CLANG_WARN_SUSPICIOUS_MOVE = YES;
				CLANG_WARN_UNGUARDED_AVAILABILITY = YES_AGGRESSIVE;
				CLANG_WARN_UNREACHABLE_CODE = YES;
				CLANG_WARN__DUPLICATE_METHOD_MATCH = YES;
				COPY_PHASE_STRIP = NO;
				DEBUG_INFORMATION_FORMAT = "dwarf-with-dsym";
				ENABLE_NS_ASSERTIONS = NO;
				ENABLE_STRICT_OBJC_MSGSEND = YES;
				GCC_C_LANGUAGE_STANDARD = gnu11;
				GCC_NO_COMMON_BLOCKS = YES;
				GCC_WARN_64_TO_32_BIT_CONVERSION = YES;
				GCC_WARN_ABOUT_RETURN_TYPE = YES_ERROR;
				GCC_WARN_UNDECLARED_SELECTOR = YES;
				GCC_WARN_UNINITIALIZED_AUTOS = YES_AGGRESSIVE;
				GCC_WARN_UNUSED_FUNCTION = YES;
				GCC_WARN_UNUSED_VARIABLE = YES;
				IPHONEOS_DEPLOYMENT_TARGET = 13.6;
				MTL_ENABLE_DEBUG_INFO = NO;
				MTL_FAST_MATH = YES;
				SDKROOT = iphoneos;
				SWIFT_COMPILATION_MODE = wholemodule;
				SWIFT_OPTIMIZATION_LEVEL = "-O";
				VALIDATE_PRODUCT = YES;
			};
			name = Release;
		};
		8A7BD0E124CF6719002E2907 /* Debug */ = {
			isa = XCBuildConfiguration;
			buildSettings = {
				ASSETCATALOG_COMPILER_APPICON_NAME = AppIcon;
				CODE_SIGN_STYLE = Automatic;
				DEVELOPMENT_TEAM = 9LL9W9Z6G6;
				INFOPLIST_FILE = HabitWellness/Info.plist;
				LD_RUNPATH_SEARCH_PATHS = (
					"$(inherited)",
					"@executable_path/Frameworks",
				);
				PRODUCT_BUNDLE_IDENTIFIER = bernardojmartinez.Personal.HabitWellness;
				PRODUCT_NAME = "$(TARGET_NAME)";
				SWIFT_VERSION = 5.0;
				TARGETED_DEVICE_FAMILY = "1,2";
			};
			name = Debug;
		};
		8A7BD0E224CF6719002E2907 /* Release */ = {
			isa = XCBuildConfiguration;
			buildSettings = {
				ASSETCATALOG_COMPILER_APPICON_NAME = AppIcon;
				CODE_SIGN_STYLE = Automatic;
				DEVELOPMENT_TEAM = 9LL9W9Z6G6;
				INFOPLIST_FILE = HabitWellness/Info.plist;
				LD_RUNPATH_SEARCH_PATHS = (
					"$(inherited)",
					"@executable_path/Frameworks",
				);
				PRODUCT_BUNDLE_IDENTIFIER = bernardojmartinez.Personal.HabitWellness;
				PRODUCT_NAME = "$(TARGET_NAME)";
				SWIFT_VERSION = 5.0;
				TARGETED_DEVICE_FAMILY = "1,2";
			};
			name = Release;
		};
		8A7BD0E424CF6719002E2907 /* Debug */ = {
			isa = XCBuildConfiguration;
			buildSettings = {
				ALWAYS_EMBED_SWIFT_STANDARD_LIBRARIES = YES;
				BUNDLE_LOADER = "$(TEST_HOST)";
				CODE_SIGN_STYLE = Automatic;
				DEVELOPMENT_TEAM = 9LL9W9Z6G6;
				INFOPLIST_FILE = HabitWellnessTests/Info.plist;
				IPHONEOS_DEPLOYMENT_TARGET = 13.6;
				LD_RUNPATH_SEARCH_PATHS = (
					"$(inherited)",
					"@executable_path/Frameworks",
					"@loader_path/Frameworks",
				);
				PRODUCT_BUNDLE_IDENTIFIER = bernardojmartinez.Personal.HabitWellnessTests;
				PRODUCT_NAME = "$(TARGET_NAME)";
				SWIFT_VERSION = 5.0;
				TARGETED_DEVICE_FAMILY = "1,2";
				TEST_HOST = "$(BUILT_PRODUCTS_DIR)/HabitWellness.app/HabitWellness";
			};
			name = Debug;
		};
		8A7BD0E524CF6719002E2907 /* Release */ = {
			isa = XCBuildConfiguration;
			buildSettings = {
				ALWAYS_EMBED_SWIFT_STANDARD_LIBRARIES = YES;
				BUNDLE_LOADER = "$(TEST_HOST)";
				CODE_SIGN_STYLE = Automatic;
				DEVELOPMENT_TEAM = 9LL9W9Z6G6;
				INFOPLIST_FILE = HabitWellnessTests/Info.plist;
				IPHONEOS_DEPLOYMENT_TARGET = 13.6;
				LD_RUNPATH_SEARCH_PATHS = (
					"$(inherited)",
					"@executable_path/Frameworks",
					"@loader_path/Frameworks",
				);
				PRODUCT_BUNDLE_IDENTIFIER = bernardojmartinez.Personal.HabitWellnessTests;
				PRODUCT_NAME = "$(TARGET_NAME)";
				SWIFT_VERSION = 5.0;
				TARGETED_DEVICE_FAMILY = "1,2";
				TEST_HOST = "$(BUILT_PRODUCTS_DIR)/HabitWellness.app/HabitWellness";
			};
			name = Release;
		};
		8A7BD0E724CF6719002E2907 /* Debug */ = {
			isa = XCBuildConfiguration;
			buildSettings = {
				ALWAYS_EMBED_SWIFT_STANDARD_LIBRARIES = YES;
				CODE_SIGN_STYLE = Automatic;
				DEVELOPMENT_TEAM = 9LL9W9Z6G6;
				INFOPLIST_FILE = HabitWellnessUITests/Info.plist;
				LD_RUNPATH_SEARCH_PATHS = (
					"$(inherited)",
					"@executable_path/Frameworks",
					"@loader_path/Frameworks",
				);
				PRODUCT_BUNDLE_IDENTIFIER = bernardojmartinez.Personal.HabitWellnessUITests;
				PRODUCT_NAME = "$(TARGET_NAME)";
				SWIFT_VERSION = 5.0;
				TARGETED_DEVICE_FAMILY = "1,2";
				TEST_TARGET_NAME = HabitWellness;
			};
			name = Debug;
		};
		8A7BD0E824CF6719002E2907 /* Release */ = {
			isa = XCBuildConfiguration;
			buildSettings = {
				ALWAYS_EMBED_SWIFT_STANDARD_LIBRARIES = YES;
				CODE_SIGN_STYLE = Automatic;
				DEVELOPMENT_TEAM = 9LL9W9Z6G6;
				INFOPLIST_FILE = HabitWellnessUITests/Info.plist;
				LD_RUNPATH_SEARCH_PATHS = (
					"$(inherited)",
					"@executable_path/Frameworks",
					"@loader_path/Frameworks",
				);
				PRODUCT_BUNDLE_IDENTIFIER = bernardojmartinez.Personal.HabitWellnessUITests;
				PRODUCT_NAME = "$(TARGET_NAME)";
				SWIFT_VERSION = 5.0;
				TARGETED_DEVICE_FAMILY = "1,2";
				TEST_TARGET_NAME = HabitWellness;
			};
			name = Release;
		};
/* End XCBuildConfiguration section */

/* Begin XCConfigurationList section */
		8A7BD0AE24CF6712002E2907 /* Build configuration list for PBXProject "HabitWellness" */ = {
			isa = XCConfigurationList;
			buildConfigurations = (
				8A7BD0DE24CF6719002E2907 /* Debug */,
				8A7BD0DF24CF6719002E2907 /* Release */,
			);
			defaultConfigurationIsVisible = 0;
			defaultConfigurationName = Release;
		};
		8A7BD0E024CF6719002E2907 /* Build configuration list for PBXNativeTarget "HabitWellness" */ = {
			isa = XCConfigurationList;
			buildConfigurations = (
				8A7BD0E124CF6719002E2907 /* Debug */,
				8A7BD0E224CF6719002E2907 /* Release */,
			);
			defaultConfigurationIsVisible = 0;
			defaultConfigurationName = Release;
		};
		8A7BD0E324CF6719002E2907 /* Build configuration list for PBXNativeTarget "HabitWellnessTests" */ = {
			isa = XCConfigurationList;
			buildConfigurations = (
				8A7BD0E424CF6719002E2907 /* Debug */,
				8A7BD0E524CF6719002E2907 /* Release */,
			);
			defaultConfigurationIsVisible = 0;
			defaultConfigurationName = Release;
		};
		8A7BD0E624CF6719002E2907 /* Build configuration list for PBXNativeTarget "HabitWellnessUITests" */ = {
			isa = XCConfigurationList;
			buildConfigurations = (
				8A7BD0E724CF6719002E2907 /* Debug */,
				8A7BD0E824CF6719002E2907 /* Release */,
			);
			defaultConfigurationIsVisible = 0;
			defaultConfigurationName = Release;
		};
/* End XCConfigurationList section */

/* Begin XCVersionGroup section */
		8A7BD0BF24CF6712002E2907 /* HabitWellness.xcdatamodeld */ = {
			isa = XCVersionGroup;
			children = (
				8A7BD0C024CF6712002E2907 /* HabitWellness.xcdatamodel */,
			);
			currentVersion = 8A7BD0C024CF6712002E2907 /* HabitWellness.xcdatamodel */;
			path = HabitWellness.xcdatamodeld;
			sourceTree = "<group>";
			versionGroupType = wrapper.xcdatamodel;
		};
/* End XCVersionGroup section */
	};
	rootObject = 8A7BD0AB24CF6712002E2907 /* Project object */;
}
